// !$*UTF8*$!
{
	archiveVersion = 1;
	classes = {
	};
	objectVersion = 46;
	objects = {

/* Begin PBXBuildFile section */
		21B03BB81AE36105006A3E6A /* backCheckmark.png in Resources */ = {isa = PBXBuildFile; fileRef = 21B03BB61AE36105006A3E6A /* backCheckmark.png */; };
		21B03BB91AE36105006A3E6A /* checkmark.png in Resources */ = {isa = PBXBuildFile; fileRef = 21B03BB71AE36105006A3E6A /* checkmark.png */; };
		21B03BBB1AE36295006A3E6A /* hand.png in Resources */ = {isa = PBXBuildFile; fileRef = 21B03BBA1AE36295006A3E6A /* hand.png */; };
		21B03BBD1AE362DF006A3E6A /* hand2.png in Resources */ = {isa = PBXBuildFile; fileRef = 21B03BBC1AE362DF006A3E6A /* hand2.png */; };
		21B03BBF1AE3647D006A3E6A /* humans.png in Resources */ = {isa = PBXBuildFile; fileRef = 21B03BBE1AE3647D006A3E6A /* humans.png */; };
		21B03BC11AE3648E006A3E6A /* cpu.png in Resources */ = {isa = PBXBuildFile; fileRef = 21B03BC01AE3648E006A3E6A /* cpu.png */; };
		21B03BC31AE3649D006A3E6A /* button.png in Resources */ = {isa = PBXBuildFile; fileRef = 21B03BC21AE3649D006A3E6A /* button.png */; };
		21B03BC51AE3693A006A3E6A /* outline.png in Resources */ = {isa = PBXBuildFile; fileRef = 21B03BC41AE3693A006A3E6A /* outline.png */; };
		21B03BC71AE36DD1006A3E6A /* orange.png in Resources */ = {isa = PBXBuildFile; fileRef = 21B03BC61AE36DD1006A3E6A /* orange.png */; };
		21B03BC91AE371F3006A3E6A /* popupbackground_05.png in Resources */ = {isa = PBXBuildFile; fileRef = 21B03BC81AE371F3006A3E6A /* popupbackground_05.png */; };
		21B03BCB1AE37852006A3E6A /* QuartzCore.framework in Frameworks */ = {isa = PBXBuildFile; fileRef = 21B03BCA1AE37852006A3E6A /* QuartzCore.framework */; };
		21C583AD1AE5C70E00120D95 /* titleBar.png in Resources */ = {isa = PBXBuildFile; fileRef = 21C583AC1AE5C70E00120D95 /* titleBar.png */; };
		21C583AF1AE5C83000120D95 /* cpuTitle.png in Resources */ = {isa = PBXBuildFile; fileRef = 21C583AE1AE5C83000120D95 /* cpuTitle.png */; };
		21C583B11AE5C8A300120D95 /* humanTitle.png in Resources */ = {isa = PBXBuildFile; fileRef = 21C583B01AE5C8A300120D95 /* humanTitle.png */; };
		21C583BB1AE5D21100120D95 /* mainMenuButton.png in Resources */ = {isa = PBXBuildFile; fileRef = 21C583BA1AE5D21100120D95 /* mainMenuButton.png */; };
		21C583BF1AE5D2FD00120D95 /* startButton.png in Resources */ = {isa = PBXBuildFile; fileRef = 21C583BD1AE5D2FD00120D95 /* startButton.png */; };
		21C583C01AE5D2FD00120D95 /* startTitle.png in Resources */ = {isa = PBXBuildFile; fileRef = 21C583BE1AE5D2FD00120D95 /* startTitle.png */; };
		21C583CA1AE6B3C400120D95 /* countdown-lose.png in Resources */ = {isa = PBXBuildFile; fileRef = 21C583C51AE6B3C400120D95 /* countdown-lose.png */; };
		21C583CB1AE6B3C400120D95 /* countdown-win.png in Resources */ = {isa = PBXBuildFile; fileRef = 21C583C61AE6B3C400120D95 /* countdown-win.png */; };
		21C583CC1AE6B3C400120D95 /* countdown-paper.png in Resources */ = {isa = PBXBuildFile; fileRef = 21C583C71AE6B3C400120D95 /* countdown-paper.png */; };
		21C583CD1AE6B3C400120D95 /* countdown-rock.png in Resources */ = {isa = PBXBuildFile; fileRef = 21C583C81AE6B3C400120D95 /* countdown-rock.png */; };
		21C583CE1AE6B3C400120D95 /* countdown-scissors.png in Resources */ = {isa = PBXBuildFile; fileRef = 21C583C91AE6B3C400120D95 /* countdown-scissors.png */; };
		21C583D71AE6C5B200120D95 /* new-countdown-1.png in Resources */ = {isa = PBXBuildFile; fileRef = 21C583CF1AE6C5B200120D95 /* new-countdown-1.png */; };
		21C583D81AE6C5B200120D95 /* new-countdown-2.png in Resources */ = {isa = PBXBuildFile; fileRef = 21C583D01AE6C5B200120D95 /* new-countdown-2.png */; };
		21C583D91AE6C5B200120D95 /* new-countdown-3.png in Resources */ = {isa = PBXBuildFile; fileRef = 21C583D11AE6C5B200120D95 /* new-countdown-3.png */; };
		21C583DA1AE6C5B200120D95 /* new-countdown-4.png in Resources */ = {isa = PBXBuildFile; fileRef = 21C583D21AE6C5B200120D95 /* new-countdown-4.png */; };
		21C583DB1AE6C5B200120D95 /* new-countdown-5.png in Resources */ = {isa = PBXBuildFile; fileRef = 21C583D31AE6C5B200120D95 /* new-countdown-5.png */; };
		21C583DC1AE6C5B200120D95 /* new-paper.png in Resources */ = {isa = PBXBuildFile; fileRef = 21C583D41AE6C5B200120D95 /* new-paper.png */; };
		21C583DD1AE6C5B200120D95 /* new-rock.png in Resources */ = {isa = PBXBuildFile; fileRef = 21C583D51AE6C5B200120D95 /* new-rock.png */; };
		21C583DE1AE6C5B200120D95 /* new-scissors.png in Resources */ = {isa = PBXBuildFile; fileRef = 21C583D61AE6C5B200120D95 /* new-scissors.png */; };
		21C583E01AE6C6BC00120D95 /* countdown-draw.png in Resources */ = {isa = PBXBuildFile; fileRef = 21C583DF1AE6C6BC00120D95 /* countdown-draw.png */; };
		21C583E21AE6C96E00120D95 /* new-countdown-0.png in Resources */ = {isa = PBXBuildFile; fileRef = 21C583E11AE6C96E00120D95 /* new-countdown-0.png */; };
		21C583E71AE6D42000120D95 /* bg-cpu-win-happy.png in Resources */ = {isa = PBXBuildFile; fileRef = 21C583E31AE6D42000120D95 /* bg-cpu-win-happy.png */; };
		21C583E81AE6D42000120D95 /* bg-cpu-win-mad.png in Resources */ = {isa = PBXBuildFile; fileRef = 21C583E41AE6D42000120D95 /* bg-cpu-win-mad.png */; };
		21C583E91AE6D42000120D95 /* bg-human-win-down.png in Resources */ = {isa = PBXBuildFile; fileRef = 21C583E51AE6D42000120D95 /* bg-human-win-down.png */; };
		21C583EA1AE6D42000120D95 /* bg-human-win-up.png in Resources */ = {isa = PBXBuildFile; fileRef = 21C583E61AE6D42000120D95 /* bg-human-win-up.png */; };
		21C583EE1AE6D56D00120D95 /* gesture-paper.png in Resources */ = {isa = PBXBuildFile; fileRef = 21C583EB1AE6D56D00120D95 /* gesture-paper.png */; };
		21C583EF1AE6D56D00120D95 /* gesture-rock.png in Resources */ = {isa = PBXBuildFile; fileRef = 21C583EC1AE6D56D00120D95 /* gesture-rock.png */; };
		21C583F01AE6D56D00120D95 /* gesture-scissors.png in Resources */ = {isa = PBXBuildFile; fileRef = 21C583ED1AE6D56D00120D95 /* gesture-scissors.png */; };
		21C583F41AE6E0DA00120D95 /* rockPaperScissorsArduino.ino in Resources */ = {isa = PBXBuildFile; fileRef = 21C583F31AE6E0DA00120D95 /* rockPaperScissorsArduino.ino */; };
		21C583F81AE8355400120D95 /* gesture-paper-left.png in Resources */ = {isa = PBXBuildFile; fileRef = 21C583F51AE8355400120D95 /* gesture-paper-left.png */; };
		21C583F91AE8355400120D95 /* gesture-scissors-left.png in Resources */ = {isa = PBXBuildFile; fileRef = 21C583F61AE8355400120D95 /* gesture-scissors-left.png */; };
		21C583FA1AE8355400120D95 /* gesture-rock-left.png in Resources */ = {isa = PBXBuildFile; fileRef = 21C583F71AE8355400120D95 /* gesture-rock-left.png */; };
		21C583FC1AE83F7C00120D95 /* btn-mainmenu.png in Resources */ = {isa = PBXBuildFile; fileRef = 21C583FB1AE83F7C00120D95 /* btn-mainmenu.png */; };
		21FC29D31ACDE4BA002F2C61 /* AppDelegate.m in Sources */ = {isa = PBXBuildFile; fileRef = 21FC29D21ACDE4BA002F2C61 /* AppDelegate.m */; };
		21FC29D51ACDE4BA002F2C61 /* main.m in Sources */ = {isa = PBXBuildFile; fileRef = 21FC29D41ACDE4BA002F2C61 /* main.m */; };
		21FC29D81ACDE4BA002F2C61 /* ViewController.m in Sources */ = {isa = PBXBuildFile; fileRef = 21FC29D71ACDE4BA002F2C61 /* ViewController.m */; };
		21FC29DA1ACDE4BA002F2C61 /* Images.xcassets in Resources */ = {isa = PBXBuildFile; fileRef = 21FC29D91ACDE4BA002F2C61 /* Images.xcassets */; };
		21FC29DD1ACDE4BA002F2C61 /* Main.storyboard in Resources */ = {isa = PBXBuildFile; fileRef = 21FC29DB1ACDE4BA002F2C61 /* Main.storyboard */; };
		21FC29E91ACDE4BA002F2C61 /* arduinoRockPaperScissorsTests.m in Sources */ = {isa = PBXBuildFile; fileRef = 21FC29E81ACDE4BA002F2C61 /* arduinoRockPaperScissorsTests.m */; };
		21FC29F91ACDE4ED002F2C61 /* ORSSerialPort.m in Sources */ = {isa = PBXBuildFile; fileRef = 21FC29F41ACDE4ED002F2C61 /* ORSSerialPort.m */; };
		21FC29FA1ACDE4ED002F2C61 /* ORSSerialPortManager.m in Sources */ = {isa = PBXBuildFile; fileRef = 21FC29F61ACDE4ED002F2C61 /* ORSSerialPortManager.m */; };
		21FC29FB1ACDE4ED002F2C61 /* ORSSerialRequest.m in Sources */ = {isa = PBXBuildFile; fileRef = 21FC29F81ACDE4ED002F2C61 /* ORSSerialRequest.m */; };
/* End PBXBuildFile section */

/* Begin PBXContainerItemProxy section */
		21FC29E31ACDE4BA002F2C61 /* PBXContainerItemProxy */ = {
			isa = PBXContainerItemProxy;
			containerPortal = 21FC29C41ACDE4BA002F2C61 /* Project object */;
			proxyType = 1;
			remoteGlobalIDString = 21FC29CB1ACDE4BA002F2C61;
			remoteInfo = arduinoRockPaperScissors;
		};
/* End PBXContainerItemProxy section */

/* Begin PBXFileReference section */
		21B03BB61AE36105006A3E6A /* backCheckmark.png */ = {isa = PBXFileReference; lastKnownFileType = image.png; path = backCheckmark.png; sourceTree = "<group>"; };
		21B03BB71AE36105006A3E6A /* checkmark.png */ = {isa = PBXFileReference; lastKnownFileType = image.png; path = checkmark.png; sourceTree = "<group>"; };
		21B03BBA1AE36295006A3E6A /* hand.png */ = {isa = PBXFileReference; lastKnownFileType = image.png; path = hand.png; sourceTree = "<group>"; };
		21B03BBC1AE362DF006A3E6A /* hand2.png */ = {isa = PBXFileReference; lastKnownFileType = image.png; path = hand2.png; sourceTree = "<group>"; };
		21B03BBE1AE3647D006A3E6A /* humans.png */ = {isa = PBXFileReference; lastKnownFileType = image.png; path = humans.png; sourceTree = "<group>"; };
		21B03BC01AE3648E006A3E6A /* cpu.png */ = {isa = PBXFileReference; lastKnownFileType = image.png; path = cpu.png; sourceTree = "<group>"; };
		21B03BC21AE3649D006A3E6A /* button.png */ = {isa = PBXFileReference; lastKnownFileType = image.png; path = button.png; sourceTree = "<group>"; };
		21B03BC41AE3693A006A3E6A /* outline.png */ = {isa = PBXFileReference; lastKnownFileType = image.png; path = outline.png; sourceTree = "<group>"; };
		21B03BC61AE36DD1006A3E6A /* orange.png */ = {isa = PBXFileReference; lastKnownFileType = image.png; path = orange.png; sourceTree = "<group>"; };
		21B03BC81AE371F3006A3E6A /* popupbackground_05.png */ = {isa = PBXFileReference; lastKnownFileType = image.png; path = popupbackground_05.png; sourceTree = "<group>"; };
		21B03BCA1AE37852006A3E6A /* QuartzCore.framework */ = {isa = PBXFileReference; lastKnownFileType = wrapper.framework; name = QuartzCore.framework; path = System/Library/Frameworks/QuartzCore.framework; sourceTree = SDKROOT; };
		21C583AC1AE5C70E00120D95 /* titleBar.png */ = {isa = PBXFileReference; lastKnownFileType = image.png; path = titleBar.png; sourceTree = "<group>"; };
		21C583AE1AE5C83000120D95 /* cpuTitle.png */ = {isa = PBXFileReference; lastKnownFileType = image.png; path = cpuTitle.png; sourceTree = "<group>"; };
		21C583B01AE5C8A300120D95 /* humanTitle.png */ = {isa = PBXFileReference; lastKnownFileType = image.png; path = humanTitle.png; sourceTree = "<group>"; };
		21C583BA1AE5D21100120D95 /* mainMenuButton.png */ = {isa = PBXFileReference; lastKnownFileType = image.png; path = mainMenuButton.png; sourceTree = "<group>"; };
		21C583BD1AE5D2FD00120D95 /* startButton.png */ = {isa = PBXFileReference; lastKnownFileType = image.png; path = startButton.png; sourceTree = "<group>"; };
		21C583BE1AE5D2FD00120D95 /* startTitle.png */ = {isa = PBXFileReference; lastKnownFileType = image.png; path = startTitle.png; sourceTree = "<group>"; };
		21C583C51AE6B3C400120D95 /* countdown-lose.png */ = {isa = PBXFileReference; lastKnownFileType = image.png; path = "countdown-lose.png"; sourceTree = "<group>"; };
		21C583C61AE6B3C400120D95 /* countdown-win.png */ = {isa = PBXFileReference; lastKnownFileType = image.png; path = "countdown-win.png"; sourceTree = "<group>"; };
		21C583C71AE6B3C400120D95 /* countdown-paper.png */ = {isa = PBXFileReference; lastKnownFileType = image.png; path = "countdown-paper.png"; sourceTree = "<group>"; };
		21C583C81AE6B3C400120D95 /* countdown-rock.png */ = {isa = PBXFileReference; lastKnownFileType = image.png; path = "countdown-rock.png"; sourceTree = "<group>"; };
		21C583C91AE6B3C400120D95 /* countdown-scissors.png */ = {isa = PBXFileReference; lastKnownFileType = image.png; path = "countdown-scissors.png"; sourceTree = "<group>"; };
		21C583CF1AE6C5B200120D95 /* new-countdown-1.png */ = {isa = PBXFileReference; lastKnownFileType = image.png; path = "new-countdown-1.png"; sourceTree = "<group>"; };
		21C583D01AE6C5B200120D95 /* new-countdown-2.png */ = {isa = PBXFileReference; lastKnownFileType = image.png; path = "new-countdown-2.png"; sourceTree = "<group>"; };
		21C583D11AE6C5B200120D95 /* new-countdown-3.png */ = {isa = PBXFileReference; lastKnownFileType = image.png; path = "new-countdown-3.png"; sourceTree = "<group>"; };
		21C583D21AE6C5B200120D95 /* new-countdown-4.png */ = {isa = PBXFileReference; lastKnownFileType = image.png; path = "new-countdown-4.png"; sourceTree = "<group>"; };
		21C583D31AE6C5B200120D95 /* new-countdown-5.png */ = {isa = PBXFileReference; lastKnownFileType = image.png; path = "new-countdown-5.png"; sourceTree = "<group>"; };
		21C583D41AE6C5B200120D95 /* new-paper.png */ = {isa = PBXFileReference; lastKnownFileType = image.png; path = "new-paper.png"; sourceTree = "<group>"; };
		21C583D51AE6C5B200120D95 /* new-rock.png */ = {isa = PBXFileReference; lastKnownFileType = image.png; path = "new-rock.png"; sourceTree = "<group>"; };
		21C583D61AE6C5B200120D95 /* new-scissors.png */ = {isa = PBXFileReference; lastKnownFileType = image.png; path = "new-scissors.png"; sourceTree = "<group>"; };
		21C583DF1AE6C6BC00120D95 /* countdown-draw.png */ = {isa = PBXFileReference; lastKnownFileType = image.png; path = "countdown-draw.png"; sourceTree = "<group>"; };
		21C583E11AE6C96E00120D95 /* new-countdown-0.png */ = {isa = PBXFileReference; lastKnownFileType = image.png; path = "new-countdown-0.png"; sourceTree = "<group>"; };
		21C583E31AE6D42000120D95 /* bg-cpu-win-happy.png */ = {isa = PBXFileReference; lastKnownFileType = image.png; path = "bg-cpu-win-happy.png"; sourceTree = "<group>"; };
		21C583E41AE6D42000120D95 /* bg-cpu-win-mad.png */ = {isa = PBXFileReference; lastKnownFileType = image.png; path = "bg-cpu-win-mad.png"; sourceTree = "<group>"; };
		21C583E51AE6D42000120D95 /* bg-human-win-down.png */ = {isa = PBXFileReference; lastKnownFileType = image.png; path = "bg-human-win-down.png"; sourceTree = "<group>"; };
		21C583E61AE6D42000120D95 /* bg-human-win-up.png */ = {isa = PBXFileReference; lastKnownFileType = image.png; path = "bg-human-win-up.png"; sourceTree = "<group>"; };
		21C583EB1AE6D56D00120D95 /* gesture-paper.png */ = {isa = PBXFileReference; lastKnownFileType = image.png; path = "gesture-paper.png"; sourceTree = "<group>"; };
		21C583EC1AE6D56D00120D95 /* gesture-rock.png */ = {isa = PBXFileReference; lastKnownFileType = image.png; path = "gesture-rock.png"; sourceTree = "<group>"; };
		21C583ED1AE6D56D00120D95 /* gesture-scissors.png */ = {isa = PBXFileReference; lastKnownFileType = image.png; path = "gesture-scissors.png"; sourceTree = "<group>"; };
		21C583F31AE6E0DA00120D95 /* rockPaperScissorsArduino.ino */ = {isa = PBXFileReference; fileEncoding = 4; lastKnownFileType = text; path = rockPaperScissorsArduino.ino; sourceTree = "<group>"; };
		21C583F51AE8355400120D95 /* gesture-paper-left.png */ = {isa = PBXFileReference; lastKnownFileType = image.png; path = "gesture-paper-left.png"; sourceTree = "<group>"; };
		21C583F61AE8355400120D95 /* gesture-scissors-left.png */ = {isa = PBXFileReference; lastKnownFileType = image.png; path = "gesture-scissors-left.png"; sourceTree = "<group>"; };
		21C583F71AE8355400120D95 /* gesture-rock-left.png */ = {isa = PBXFileReference; lastKnownFileType = image.png; path = "gesture-rock-left.png"; sourceTree = "<group>"; };
		21C583FB1AE83F7C00120D95 /* btn-mainmenu.png */ = {isa = PBXFileReference; lastKnownFileType = image.png; path = "btn-mainmenu.png"; sourceTree = "<group>"; };
		21FC29CC1ACDE4BA002F2C61 /* arduinoRockPaperScissors.app */ = {isa = PBXFileReference; explicitFileType = wrapper.application; includeInIndex = 0; path = arduinoRockPaperScissors.app; sourceTree = BUILT_PRODUCTS_DIR; };
		21FC29D01ACDE4BA002F2C61 /* Info.plist */ = {isa = PBXFileReference; lastKnownFileType = text.plist.xml; path = Info.plist; sourceTree = "<group>"; };
		21FC29D11ACDE4BA002F2C61 /* AppDelegate.h */ = {isa = PBXFileReference; lastKnownFileType = sourcecode.c.h; path = AppDelegate.h; sourceTree = "<group>"; };
		21FC29D21ACDE4BA002F2C61 /* AppDelegate.m */ = {isa = PBXFileReference; lastKnownFileType = sourcecode.c.objc; path = AppDelegate.m; sourceTree = "<group>"; };
		21FC29D41ACDE4BA002F2C61 /* main.m */ = {isa = PBXFileReference; lastKnownFileType = sourcecode.c.objc; path = main.m; sourceTree = "<group>"; };
		21FC29D61ACDE4BA002F2C61 /* ViewController.h */ = {isa = PBXFileReference; lastKnownFileType = sourcecode.c.h; path = ViewController.h; sourceTree = "<group>"; };
		21FC29D71ACDE4BA002F2C61 /* ViewController.m */ = {isa = PBXFileReference; lastKnownFileType = sourcecode.c.objc; path = ViewController.m; sourceTree = "<group>"; };
		21FC29D91ACDE4BA002F2C61 /* Images.xcassets */ = {isa = PBXFileReference; lastKnownFileType = folder.assetcatalog; path = Images.xcassets; sourceTree = "<group>"; };
		21FC29DC1ACDE4BA002F2C61 /* Base */ = {isa = PBXFileReference; lastKnownFileType = file.storyboard; name = Base; path = Base.lproj/Main.storyboard; sourceTree = "<group>"; };
		21FC29E21ACDE4BA002F2C61 /* arduinoRockPaperScissorsTests.xctest */ = {isa = PBXFileReference; explicitFileType = wrapper.cfbundle; includeInIndex = 0; path = arduinoRockPaperScissorsTests.xctest; sourceTree = BUILT_PRODUCTS_DIR; };
		21FC29E71ACDE4BA002F2C61 /* Info.plist */ = {isa = PBXFileReference; lastKnownFileType = text.plist.xml; path = Info.plist; sourceTree = "<group>"; };
		21FC29E81ACDE4BA002F2C61 /* arduinoRockPaperScissorsTests.m */ = {isa = PBXFileReference; lastKnownFileType = sourcecode.c.objc; path = arduinoRockPaperScissorsTests.m; sourceTree = "<group>"; };
		21FC29F31ACDE4ED002F2C61 /* ORSSerialPort.h */ = {isa = PBXFileReference; fileEncoding = 4; lastKnownFileType = sourcecode.c.h; path = ORSSerialPort.h; sourceTree = "<group>"; };
		21FC29F41ACDE4ED002F2C61 /* ORSSerialPort.m */ = {isa = PBXFileReference; fileEncoding = 4; lastKnownFileType = sourcecode.c.objc; path = ORSSerialPort.m; sourceTree = "<group>"; };
		21FC29F51ACDE4ED002F2C61 /* ORSSerialPortManager.h */ = {isa = PBXFileReference; fileEncoding = 4; lastKnownFileType = sourcecode.c.h; path = ORSSerialPortManager.h; sourceTree = "<group>"; };
		21FC29F61ACDE4ED002F2C61 /* ORSSerialPortManager.m */ = {isa = PBXFileReference; fileEncoding = 4; lastKnownFileType = sourcecode.c.objc; path = ORSSerialPortManager.m; sourceTree = "<group>"; };
		21FC29F71ACDE4ED002F2C61 /* ORSSerialRequest.h */ = {isa = PBXFileReference; fileEncoding = 4; lastKnownFileType = sourcecode.c.h; path = ORSSerialRequest.h; sourceTree = "<group>"; };
		21FC29F81ACDE4ED002F2C61 /* ORSSerialRequest.m */ = {isa = PBXFileReference; fileEncoding = 4; lastKnownFileType = sourcecode.c.objc; path = ORSSerialRequest.m; sourceTree = "<group>"; };
/* End PBXFileReference section */

/* Begin PBXFrameworksBuildPhase section */
		21FC29C91ACDE4BA002F2C61 /* Frameworks */ = {
			isa = PBXFrameworksBuildPhase;
			buildActionMask = 2147483647;
			files = (
				21B03BCB1AE37852006A3E6A /* QuartzCore.framework in Frameworks */,
			);
			runOnlyForDeploymentPostprocessing = 0;
		};
		21FC29DF1ACDE4BA002F2C61 /* Frameworks */ = {
			isa = PBXFrameworksBuildPhase;
			buildActionMask = 2147483647;
			files = (
			);
			runOnlyForDeploymentPostprocessing = 0;
		};
/* End PBXFrameworksBuildPhase section */

/* Begin PBXGroup section */
		21C583BC1AE5D23900120D95 /* not needed */ = {
			isa = PBXGroup;
			children = (
				21B03BC81AE371F3006A3E6A /* popupbackground_05.png */,
				21B03BC01AE3648E006A3E6A /* cpu.png */,
				21B03BBE1AE3647D006A3E6A /* humans.png */,
				21B03BC41AE3693A006A3E6A /* outline.png */,
				21B03BC61AE36DD1006A3E6A /* orange.png */,
				21B03BC21AE3649D006A3E6A /* button.png */,
			);
			name = "not needed";
			sourceTree = "<group>";
		};
		21FC29C31ACDE4BA002F2C61 = {
			isa = PBXGroup;
			children = (
				21B03BCA1AE37852006A3E6A /* QuartzCore.framework */,
				21FC29CE1ACDE4BA002F2C61 /* arduinoRockPaperScissors */,
				21FC29E51ACDE4BA002F2C61 /* arduinoRockPaperScissorsTests */,
				21FC29CD1ACDE4BA002F2C61 /* Products */,
			);
			sourceTree = "<group>";
		};
		21FC29CD1ACDE4BA002F2C61 /* Products */ = {
			isa = PBXGroup;
			children = (
				21FC29CC1ACDE4BA002F2C61 /* arduinoRockPaperScissors.app */,
				21FC29E21ACDE4BA002F2C61 /* arduinoRockPaperScissorsTests.xctest */,
			);
			name = Products;
			sourceTree = "<group>";
		};
		21FC29CE1ACDE4BA002F2C61 /* arduinoRockPaperScissors */ = {
			isa = PBXGroup;
			children = (
				21FC29D11ACDE4BA002F2C61 /* AppDelegate.h */,
				21FC29D21ACDE4BA002F2C61 /* AppDelegate.m */,
				21FC29D61ACDE4BA002F2C61 /* ViewController.h */,
				21FC29D71ACDE4BA002F2C61 /* ViewController.m */,
				21FC29D91ACDE4BA002F2C61 /* Images.xcassets */,
				21FC29DB1ACDE4BA002F2C61 /* Main.storyboard */,
				21C583BC1AE5D23900120D95 /* not needed */,
				21C583BD1AE5D2FD00120D95 /* startButton.png */,
				21C583BE1AE5D2FD00120D95 /* startTitle.png */,
				21B03BB61AE36105006A3E6A /* backCheckmark.png */,
				21B03BB71AE36105006A3E6A /* checkmark.png */,
				21B03BBA1AE36295006A3E6A /* hand.png */,
				21B03BBC1AE362DF006A3E6A /* hand2.png */,
				21C583AC1AE5C70E00120D95 /* titleBar.png */,
				21C583AE1AE5C83000120D95 /* cpuTitle.png */,
				21C583B01AE5C8A300120D95 /* humanTitle.png */,
				21C583BA1AE5D21100120D95 /* mainMenuButton.png */,
				21C583C51AE6B3C400120D95 /* countdown-lose.png */,
				21C583C61AE6B3C400120D95 /* countdown-win.png */,
				21C583DF1AE6C6BC00120D95 /* countdown-draw.png */,
				21C583C71AE6B3C400120D95 /* countdown-paper.png */,
				21C583C81AE6B3C400120D95 /* countdown-rock.png */,
				21C583C91AE6B3C400120D95 /* countdown-scissors.png */,
				21C583E11AE6C96E00120D95 /* new-countdown-0.png */,
				21C583CF1AE6C5B200120D95 /* new-countdown-1.png */,
				21C583D01AE6C5B200120D95 /* new-countdown-2.png */,
				21C583D11AE6C5B200120D95 /* new-countdown-3.png */,
				21C583D21AE6C5B200120D95 /* new-countdown-4.png */,
				21C583D31AE6C5B200120D95 /* new-countdown-5.png */,
				21C583D41AE6C5B200120D95 /* new-paper.png */,
				21C583D51AE6C5B200120D95 /* new-rock.png */,
				21C583D61AE6C5B200120D95 /* new-scissors.png */,
				21C583E31AE6D42000120D95 /* bg-cpu-win-happy.png */,
				21C583E41AE6D42000120D95 /* bg-cpu-win-mad.png */,
				21C583E51AE6D42000120D95 /* bg-human-win-down.png */,
				21C583E61AE6D42000120D95 /* bg-human-win-up.png */,
				21C583EB1AE6D56D00120D95 /* gesture-paper.png */,
				21C583EC1AE6D56D00120D95 /* gesture-rock.png */,
				21C583ED1AE6D56D00120D95 /* gesture-scissors.png */,
				21C583F51AE8355400120D95 /* gesture-paper-left.png */,
				21C583F61AE8355400120D95 /* gesture-scissors-left.png */,
				21C583F71AE8355400120D95 /* gesture-rock-left.png */,
				21C583FB1AE83F7C00120D95 /* btn-mainmenu.png */,
				21C583F31AE6E0DA00120D95 /* rockPaperScissorsArduino.ino */,
				21FC29F21ACDE4ED002F2C61 /* Source */,
				21FC29CF1ACDE4BA002F2C61 /* Supporting Files */,
			);
			path = arduinoRockPaperScissors;
			sourceTree = "<group>";
		};
		21FC29CF1ACDE4BA002F2C61 /* Supporting Files */ = {
			isa = PBXGroup;
			children = (
				21FC29D01ACDE4BA002F2C61 /* Info.plist */,
				21FC29D41ACDE4BA002F2C61 /* main.m */,
			);
			name = "Supporting Files";
			sourceTree = "<group>";
		};
		21FC29E51ACDE4BA002F2C61 /* arduinoRockPaperScissorsTests */ = {
			isa = PBXGroup;
			children = (
				21FC29E81ACDE4BA002F2C61 /* arduinoRockPaperScissorsTests.m */,
				21FC29E61ACDE4BA002F2C61 /* Supporting Files */,
			);
			path = arduinoRockPaperScissorsTests;
			sourceTree = "<group>";
		};
		21FC29E61ACDE4BA002F2C61 /* Supporting Files */ = {
			isa = PBXGroup;
			children = (
				21FC29E71ACDE4BA002F2C61 /* Info.plist */,
			);
			name = "Supporting Files";
			sourceTree = "<group>";
		};
		21FC29F21ACDE4ED002F2C61 /* Source */ = {
			isa = PBXGroup;
			children = (
				21FC29F31ACDE4ED002F2C61 /* ORSSerialPort.h */,
				21FC29F41ACDE4ED002F2C61 /* ORSSerialPort.m */,
				21FC29F51ACDE4ED002F2C61 /* ORSSerialPortManager.h */,
				21FC29F61ACDE4ED002F2C61 /* ORSSerialPortManager.m */,
				21FC29F71ACDE4ED002F2C61 /* ORSSerialRequest.h */,
				21FC29F81ACDE4ED002F2C61 /* ORSSerialRequest.m */,
			);
			path = Source;
			sourceTree = "<group>";
		};
/* End PBXGroup section */

/* Begin PBXNativeTarget section */
		21FC29CB1ACDE4BA002F2C61 /* arduinoRockPaperScissors */ = {
			isa = PBXNativeTarget;
			buildConfigurationList = 21FC29EC1ACDE4BA002F2C61 /* Build configuration list for PBXNativeTarget "arduinoRockPaperScissors" */;
			buildPhases = (
				21FC29C81ACDE4BA002F2C61 /* Sources */,
				21FC29C91ACDE4BA002F2C61 /* Frameworks */,
				21FC29CA1ACDE4BA002F2C61 /* Resources */,
			);
			buildRules = (
			);
			dependencies = (
			);
			name = arduinoRockPaperScissors;
			productName = arduinoRockPaperScissors;
			productReference = 21FC29CC1ACDE4BA002F2C61 /* arduinoRockPaperScissors.app */;
			productType = "com.apple.product-type.application";
		};
		21FC29E11ACDE4BA002F2C61 /* arduinoRockPaperScissorsTests */ = {
			isa = PBXNativeTarget;
			buildConfigurationList = 21FC29EF1ACDE4BA002F2C61 /* Build configuration list for PBXNativeTarget "arduinoRockPaperScissorsTests" */;
			buildPhases = (
				21FC29DE1ACDE4BA002F2C61 /* Sources */,
				21FC29DF1ACDE4BA002F2C61 /* Frameworks */,
				21FC29E01ACDE4BA002F2C61 /* Resources */,
			);
			buildRules = (
			);
			dependencies = (
				21FC29E41ACDE4BA002F2C61 /* PBXTargetDependency */,
			);
			name = arduinoRockPaperScissorsTests;
			productName = arduinoRockPaperScissorsTests;
			productReference = 21FC29E21ACDE4BA002F2C61 /* arduinoRockPaperScissorsTests.xctest */;
			productType = "com.apple.product-type.bundle.unit-test";
		};
/* End PBXNativeTarget section */

/* Begin PBXProject section */
		21FC29C41ACDE4BA002F2C61 /* Project object */ = {
			isa = PBXProject;
			attributes = {
				LastUpgradeCheck = 0620;
				ORGANIZATIONNAME = "Ariel Gelbard";
				TargetAttributes = {
					21FC29CB1ACDE4BA002F2C61 = {
						CreatedOnToolsVersion = 6.2;
					};
					21FC29E11ACDE4BA002F2C61 = {
						CreatedOnToolsVersion = 6.2;
						TestTargetID = 21FC29CB1ACDE4BA002F2C61;
					};
				};
			};
			buildConfigurationList = 21FC29C71ACDE4BA002F2C61 /* Build configuration list for PBXProject "arduinoRockPaperScissors" */;
			compatibilityVersion = "Xcode 3.2";
			developmentRegion = English;
			hasScannedForEncodings = 0;
			knownRegions = (
				en,
				Base,
			);
			mainGroup = 21FC29C31ACDE4BA002F2C61;
			productRefGroup = 21FC29CD1ACDE4BA002F2C61 /* Products */;
			projectDirPath = "";
			projectRoot = "";
			targets = (
				21FC29CB1ACDE4BA002F2C61 /* arduinoRockPaperScissors */,
				21FC29E11ACDE4BA002F2C61 /* arduinoRockPaperScissorsTests */,
			);
		};
/* End PBXProject section */

/* Begin PBXResourcesBuildPhase section */
		21FC29CA1ACDE4BA002F2C61 /* Resources */ = {
			isa = PBXResourcesBuildPhase;
			buildActionMask = 2147483647;
			files = (
				21C583CD1AE6B3C400120D95 /* countdown-rock.png in Resources */,
				21C583C01AE5D2FD00120D95 /* startTitle.png in Resources */,
				21C583DD1AE6C5B200120D95 /* new-rock.png in Resources */,
				21C583EF1AE6D56D00120D95 /* gesture-rock.png in Resources */,
				21FC29DA1ACDE4BA002F2C61 /* Images.xcassets in Resources */,
				21B03BC71AE36DD1006A3E6A /* orange.png in Resources */,
				21C583D71AE6C5B200120D95 /* new-countdown-1.png in Resources */,
				21C583FC1AE83F7C00120D95 /* btn-mainmenu.png in Resources */,
				21B03BBB1AE36295006A3E6A /* hand.png in Resources */,
				21C583AD1AE5C70E00120D95 /* titleBar.png in Resources */,
				21C583E01AE6C6BC00120D95 /* countdown-draw.png in Resources */,
				21C583DE1AE6C5B200120D95 /* new-scissors.png in Resources */,
				21C583FA1AE8355400120D95 /* gesture-rock-left.png in Resources */,
				21B03BC11AE3648E006A3E6A /* cpu.png in Resources */,
				21C583E71AE6D42000120D95 /* bg-cpu-win-happy.png in Resources */,
				21C583F41AE6E0DA00120D95 /* rockPaperScissorsArduino.ino in Resources */,
				21C583DA1AE6C5B200120D95 /* new-countdown-4.png in Resources */,
				21B03BB91AE36105006A3E6A /* checkmark.png in Resources */,
				21FC29DD1ACDE4BA002F2C61 /* Main.storyboard in Resources */,
				21C583AF1AE5C83000120D95 /* cpuTitle.png in Resources */,
				21C583BF1AE5D2FD00120D95 /* startButton.png in Resources */,
				21C583F01AE6D56D00120D95 /* gesture-scissors.png in Resources */,
				21C583DC1AE6C5B200120D95 /* new-paper.png in Resources */,
				21C583CC1AE6B3C400120D95 /* countdown-paper.png in Resources */,
				21C583E81AE6D42000120D95 /* bg-cpu-win-mad.png in Resources */,
				21C583EA1AE6D42000120D95 /* bg-human-win-up.png in Resources */,
				21B03BB81AE36105006A3E6A /* backCheckmark.png in Resources */,
				21B03BBD1AE362DF006A3E6A /* hand2.png in Resources */,
				21C583CB1AE6B3C400120D95 /* countdown-win.png in Resources */,
				21B03BC31AE3649D006A3E6A /* button.png in Resources */,
				21C583CE1AE6B3C400120D95 /* countdown-scissors.png in Resources */,
				21C583DB1AE6C5B200120D95 /* new-countdown-5.png in Resources */,
				21C583F91AE8355400120D95 /* gesture-scissors-left.png in Resources */,
				21C583CA1AE6B3C400120D95 /* countdown-lose.png in Resources */,
				21C583F81AE8355400120D95 /* gesture-paper-left.png in Resources */,
				21C583B11AE5C8A300120D95 /* humanTitle.png in Resources */,
				21B03BC91AE371F3006A3E6A /* popupbackground_05.png in Resources */,
				21B03BC51AE3693A006A3E6A /* outline.png in Resources */,
				21C583EE1AE6D56D00120D95 /* gesture-paper.png in Resources */,
				21C583D91AE6C5B200120D95 /* new-countdown-3.png in Resources */,
				21C583E21AE6C96E00120D95 /* new-countdown-0.png in Resources */,
				21C583BB1AE5D21100120D95 /* mainMenuButton.png in Resources */,
				21C583D81AE6C5B200120D95 /* new-countdown-2.png in Resources */,
				21B03BBF1AE3647D006A3E6A /* humans.png in Resources */,
				21C583E91AE6D42000120D95 /* bg-human-win-down.png in Resources */,
			);
			runOnlyForDeploymentPostprocessing = 0;
		};
		21FC29E01ACDE4BA002F2C61 /* Resources */ = {
			isa = PBXResourcesBuildPhase;
			buildActionMask = 2147483647;
			files = (
			);
			runOnlyForDeploymentPostprocessing = 0;
		};
/* End PBXResourcesBuildPhase section */

/* Begin PBXSourcesBuildPhase section */
		21FC29C81ACDE4BA002F2C61 /* Sources */ = {
			isa = PBXSourcesBuildPhase;
			buildActionMask = 2147483647;
			files = (
				21FC29FB1ACDE4ED002F2C61 /* ORSSerialRequest.m in Sources */,
				21FC29D81ACDE4BA002F2C61 /* ViewController.m in Sources */,
				21FC29D51ACDE4BA002F2C61 /* main.m in Sources */,
				21FC29FA1ACDE4ED002F2C61 /* ORSSerialPortManager.m in Sources */,
				21FC29D31ACDE4BA002F2C61 /* AppDelegate.m in Sources */,
				21FC29F91ACDE4ED002F2C61 /* ORSSerialPort.m in Sources */,
			);
			runOnlyForDeploymentPostprocessing = 0;
		};
		21FC29DE1ACDE4BA002F2C61 /* Sources */ = {
			isa = PBXSourcesBuildPhase;
			buildActionMask = 2147483647;
			files = (
				21FC29E91ACDE4BA002F2C61 /* arduinoRockPaperScissorsTests.m in Sources */,
			);
			runOnlyForDeploymentPostprocessing = 0;
		};
/* End PBXSourcesBuildPhase section */

/* Begin PBXTargetDependency section */
		21FC29E41ACDE4BA002F2C61 /* PBXTargetDependency */ = {
			isa = PBXTargetDependency;
			target = 21FC29CB1ACDE4BA002F2C61 /* arduinoRockPaperScissors */;
			targetProxy = 21FC29E31ACDE4BA002F2C61 /* PBXContainerItemProxy */;
		};
/* End PBXTargetDependency section */

/* Begin PBXVariantGroup section */
		21FC29DB1ACDE4BA002F2C61 /* Main.storyboard */ = {
			isa = PBXVariantGroup;
			children = (
				21FC29DC1ACDE4BA002F2C61 /* Base */,
			);
			name = Main.storyboard;
			sourceTree = "<group>";
		};
/* End PBXVariantGroup section */

/* Begin XCBuildConfiguration section */
		21FC29EA1ACDE4BA002F2C61 /* Debug */ = {
			isa = XCBuildConfiguration;
			buildSettings = {
				ALWAYS_SEARCH_USER_PATHS = NO;
				CLANG_CXX_LANGUAGE_STANDARD = "gnu++0x";
				CLANG_CXX_LIBRARY = "libc++";
				CLANG_ENABLE_MODULES = YES;
				CLANG_ENABLE_OBJC_ARC = YES;
				CLANG_WARN_BOOL_CONVERSION = YES;
				CLANG_WARN_CONSTANT_CONVERSION = YES;
				CLANG_WARN_DIRECT_OBJC_ISA_USAGE = YES_ERROR;
				CLANG_WARN_EMPTY_BODY = YES;
				CLANG_WARN_ENUM_CONVERSION = YES;
				CLANG_WARN_INT_CONVERSION = YES;
				CLANG_WARN_OBJC_ROOT_CLASS = YES_ERROR;
				CLANG_WARN_UNREACHABLE_CODE = YES;
				CLANG_WARN__DUPLICATE_METHOD_MATCH = YES;
				CODE_SIGN_IDENTITY = "-";
				COPY_PHASE_STRIP = NO;
				ENABLE_STRICT_OBJC_MSGSEND = YES;
				GCC_C_LANGUAGE_STANDARD = gnu99;
				GCC_DYNAMIC_NO_PIC = NO;
				GCC_OPTIMIZATION_LEVEL = 0;
				GCC_PREPROCESSOR_DEFINITIONS = (
					"DEBUG=1",
					"$(inherited)",
				);
				GCC_SYMBOLS_PRIVATE_EXTERN = NO;
				GCC_WARN_64_TO_32_BIT_CONVERSION = YES;
				GCC_WARN_ABOUT_RETURN_TYPE = YES_ERROR;
				GCC_WARN_UNDECLARED_SELECTOR = YES;
				GCC_WARN_UNINITIALIZED_AUTOS = YES_AGGRESSIVE;
				GCC_WARN_UNUSED_FUNCTION = YES;
				GCC_WARN_UNUSED_VARIABLE = YES;
				MACOSX_DEPLOYMENT_TARGET = 10.10;
				MTL_ENABLE_DEBUG_INFO = YES;
				ONLY_ACTIVE_ARCH = YES;
				SDKROOT = macosx;
			};
			name = Debug;
		};
		21FC29EB1ACDE4BA002F2C61 /* Release */ = {
			isa = XCBuildConfiguration;
			buildSettings = {
				ALWAYS_SEARCH_USER_PATHS = NO;
				CLANG_CXX_LANGUAGE_STANDARD = "gnu++0x";
				CLANG_CXX_LIBRARY = "libc++";
				CLANG_ENABLE_MODULES = YES;
				CLANG_ENABLE_OBJC_ARC = YES;
				CLANG_WARN_BOOL_CONVERSION = YES;
				CLANG_WARN_CONSTANT_CONVERSION = YES;
				CLANG_WARN_DIRECT_OBJC_ISA_USAGE = YES_ERROR;
				CLANG_WARN_EMPTY_BODY = YES;
				CLANG_WARN_ENUM_CONVERSION = YES;
				CLANG_WARN_INT_CONVERSION = YES;
				CLANG_WARN_OBJC_ROOT_CLASS = YES_ERROR;
				CLANG_WARN_UNREACHABLE_CODE = YES;
				CLANG_WARN__DUPLICATE_METHOD_MATCH = YES;
				CODE_SIGN_IDENTITY = "-";
				COPY_PHASE_STRIP = NO;
				DEBUG_INFORMATION_FORMAT = "dwarf-with-dsym";
				ENABLE_NS_ASSERTIONS = NO;
				ENABLE_STRICT_OBJC_MSGSEND = YES;
				GCC_C_LANGUAGE_STANDARD = gnu99;
				GCC_WARN_64_TO_32_BIT_CONVERSION = YES;
				GCC_WARN_ABOUT_RETURN_TYPE = YES_ERROR;
				GCC_WARN_UNDECLARED_SELECTOR = YES;
				GCC_WARN_UNINITIALIZED_AUTOS = YES_AGGRESSIVE;
				GCC_WARN_UNUSED_FUNCTION = YES;
				GCC_WARN_UNUSED_VARIABLE = YES;
				MACOSX_DEPLOYMENT_TARGET = 10.10;
				MTL_ENABLE_DEBUG_INFO = NO;
				SDKROOT = macosx;
			};
			name = Release;
		};
		21FC29ED1ACDE4BA002F2C61 /* Debug */ = {
			isa = XCBuildConfiguration;
			buildSettings = {
				ASSETCATALOG_COMPILER_APPICON_NAME = AppIcon;
				COMBINE_HIDPI_IMAGES = YES;
				INFOPLIST_FILE = arduinoRockPaperScissors/Info.plist;
				LD_RUNPATH_SEARCH_PATHS = "$(inherited) @executable_path/../Frameworks";
				PRODUCT_NAME = "$(TARGET_NAME)";
			};
			name = Debug;
		};
		21FC29EE1ACDE4BA002F2C61 /* Release */ = {
			isa = XCBuildConfiguration;
			buildSettings = {
				ASSETCATALOG_COMPILER_APPICON_NAME = AppIcon;
				COMBINE_HIDPI_IMAGES = YES;
				INFOPLIST_FILE = arduinoRockPaperScissors/Info.plist;
				LD_RUNPATH_SEARCH_PATHS = "$(inherited) @executable_path/../Frameworks";
				PRODUCT_NAME = "$(TARGET_NAME)";
			};
			name = Release;
		};
		21FC29F01ACDE4BA002F2C61 /* Debug */ = {
			isa = XCBuildConfiguration;
			buildSettings = {
				BUNDLE_LOADER = "$(TEST_HOST)";
				COMBINE_HIDPI_IMAGES = YES;
				FRAMEWORK_SEARCH_PATHS = (
					"$(DEVELOPER_FRAMEWORKS_DIR)",
					"$(inherited)",
				);
				GCC_PREPROCESSOR_DEFINITIONS = (
					"DEBUG=1",
					"$(inherited)",
				);
				INFOPLIST_FILE = arduinoRockPaperScissorsTests/Info.plist;
				LD_RUNPATH_SEARCH_PATHS = "$(inherited) @executable_path/../Frameworks @loader_path/../Frameworks";
				PRODUCT_NAME = "$(TARGET_NAME)";
				TEST_HOST = "$(BUILT_PRODUCTS_DIR)/arduinoRockPaperScissors.app/Contents/MacOS/arduinoRockPaperScissors";
			};
			name = Debug;
		};
		21FC29F11ACDE4BA002F2C61 /* Release */ = {
			isa = XCBuildConfiguration;
			buildSettings = {
				BUNDLE_LOADER = "$(TEST_HOST)";
				COMBINE_HIDPI_IMAGES = YES;
				FRAMEWORK_SEARCH_PATHS = (
					"$(DEVELOPER_FRAMEWORKS_DIR)",
					"$(inherited)",
				);
				INFOPLIST_FILE = arduinoRockPaperScissorsTests/Info.plist;
				LD_RUNPATH_SEARCH_PATHS = "$(inherited) @executable_path/../Frameworks @loader_path/../Frameworks";
				PRODUCT_NAME = "$(TARGET_NAME)";
				TEST_HOST = "$(BUILT_PRODUCTS_DIR)/arduinoRockPaperScissors.app/Contents/MacOS/arduinoRockPaperScissors";
			};
			name = Release;
		};
/* End XCBuildConfiguration section */

/* Begin XCConfigurationList section */
		21FC29C71ACDE4BA002F2C61 /* Build configuration list for PBXProject "arduinoRockPaperScissors" */ = {
			isa = XCConfigurationList;
			buildConfigurations = (
				21FC29EA1ACDE4BA002F2C61 /* Debug */,
				21FC29EB1ACDE4BA002F2C61 /* Release */,
			);
			defaultConfigurationIsVisible = 0;
			defaultConfigurationName = Release;
		};
		21FC29EC1ACDE4BA002F2C61 /* Build configuration list for PBXNativeTarget "arduinoRockPaperScissors" */ = {
			isa = XCConfigurationList;
			buildConfigurations = (
				21FC29ED1ACDE4BA002F2C61 /* Debug */,
				21FC29EE1ACDE4BA002F2C61 /* Release */,
			);
			defaultConfigurationIsVisible = 0;
			defaultConfigurationName = Release;
		};
		21FC29EF1ACDE4BA002F2C61 /* Build configuration list for PBXNativeTarget "arduinoRockPaperScissorsTests" */ = {
			isa = XCConfigurationList;
			buildConfigurations = (
				21FC29F01ACDE4BA002F2C61 /* Debug */,
				21FC29F11ACDE4BA002F2C61 /* Release */,
			);
			defaultConfigurationIsVisible = 0;
			defaultConfigurationName = Release;
		};
/* End XCConfigurationList section */
	};
	rootObject = 21FC29C41ACDE4BA002F2C61 /* Project object */;
}
